
Microsoft Visual Studio Solution File, Format Version 12.00
# Visual Studio 15
VisualStudioVersion = 15.0.27130.2010
MinimumVisualStudioVersion = 10.0.40219.1
Project("{FAE04EC0-301F-11D3-BF4B-00C04F79EFBC}") = "hajsy", "hajsy\hajsy.csproj", "{021B9DFD-F710-4BCD-8293-CA591129143A}"
EndProject
Global
	GlobalSection(SolutionConfigurationPlatforms) = preSolution
		Debug|Any CPU = Debug|Any CPU
		Release|Any CPU = Release|Any CPU
	EndGlobalSection
	GlobalSection(ProjectConfigurationPlatforms) = postSolution
		{021B9DFD-F710-4BCD-8293-CA591129143A}.Debug|Any CPU.ActiveCfg = Debug|Any CPU
		{021B9DFD-F710-4BCD-8293-CA591129143A}.Debug|Any CPU.Build.0 = Debug|Any CPU
		{021B9DFD-F710-4BCD-8293-CA591129143A}.Release|Any CPU.ActiveCfg = Release|Any CPU
		{021B9DFD-F710-4BCD-8293-CA591129143A}.Release|Any CPU.Build.0 = Release|Any CPU
	EndGlobalSection
	GlobalSection(SolutionProperties) = preSolution
		HideSolutionNode = FALSE
	EndGlobalSection
	GlobalSection(ExtensibilityGlobals) = postSolution
		SolutionGuid = {B491EADE-4B13-481A-BE54-ACD182F04F8C}
	EndGlobalSection
EndGlobal
